
Microsoft Visual Studio Solution File, Format Version 12.00
# Visual Studio Version 17
VisualStudioVersion = 17.9.34728.123
MinimumVisualStudioVersion = 10.0.40219.1
Project("{9A19103F-16F7-4668-BE54-9A1E7A4F7556}") = "TechChallengeApi", "TechChallenge\TechChallengeApi.csproj", "{AFE04640-0825-4FCC-81EE-D932E38F8AA8}"
EndProject
Project("{9A19103F-16F7-4668-BE54-9A1E7A4F7556}") = "Infrastructure", "Repository\Infrastructure.csproj", "{88F40D1F-6631-4118-8BFE-2E55D0408A1E}"
EndProject
Project("{9A19103F-16F7-4668-BE54-9A1E7A4F7556}") = "Core", "Core\Core.csproj", "{EEDDFDD3-9F73-4DFE-887D-CDD8DCED1AF8}"
EndProject
Project("{9A19103F-16F7-4668-BE54-9A1E7A4F7556}") = "Application", "Application\Application.csproj", "{AF4BD7D5-D03C-46E8-BDBD-89C7541C3278}"
EndProject
Project("{9A19103F-16F7-4668-BE54-9A1E7A4F7556}") = "TechChallengeTest", "TechChallengeTest\TechChallengeTest.csproj", "{D5BC8948-7D74-48C8-9CD4-E18EED3628AD}"
	ProjectSection(ProjectDependencies) = postProject
		{88F40D1F-6631-4118-8BFE-2E55D0408A1E} = {88F40D1F-6631-4118-8BFE-2E55D0408A1E}
		{AF4BD7D5-D03C-46E8-BDBD-89C7541C3278} = {AF4BD7D5-D03C-46E8-BDBD-89C7541C3278}
		{AFE04640-0825-4FCC-81EE-D932E38F8AA8} = {AFE04640-0825-4FCC-81EE-D932E38F8AA8}
		{EEDDFDD3-9F73-4DFE-887D-CDD8DCED1AF8} = {EEDDFDD3-9F73-4DFE-887D-CDD8DCED1AF8}
	EndProjectSection
EndProject
Project("{2150E333-8FDC-42A3-9474-1A3956D46DE8}") = "API", "API", "{F4D16624-C088-4547-8AF2-2745F9D17138}"
EndProject
Project("{2150E333-8FDC-42A3-9474-1A3956D46DE8}") = "Testes", "Testes", "{CEADA8AF-B343-404D-9FFF-7A7B8C4AD48D}"
EndProject
Project("{2150E333-8FDC-42A3-9474-1A3956D46DE8}") = "Microsserviços", "Microsserviços", "{BCF9A36D-58A6-4A41-BD9F-9573D4AACBD6}"
EndProject
Project("{9A19103F-16F7-4668-BE54-9A1E7A4F7556}") = "TechChallengeBuscaId", "TechChallengeBuscaId\TechChallengeBuscaId.csproj", "{D187F42A-B85B-4043-8DC4-43D82C8E86C8}"
EndProject
Project("{9A19103F-16F7-4668-BE54-9A1E7A4F7556}") = "TechChallengeAdd", "TechChallengeAdd\TechChallengeAdd.csproj", "{062D3351-5077-4E2B-BFDD-39C683D39F8F}"
EndProject
Project("{FAE04EC0-301F-11D3-BF4B-00C04F79EFBC}") = "TechChallengeBuscaTodos", "TechChallengeBuscaTodos\TechChallengeBuscaTodos.csproj", "{9565AB23-AEC0-44F0-8E9B-741D7E6A2B8E}"
EndProject
Project("{FAE04EC0-301F-11D3-BF4B-00C04F79EFBC}") = "techchallengeUpdate", "techchallengeUpdate\techchallengeUpdate.csproj", "{88BA6CEB-CEED-4D86-BF47-DDB8ED54059D}"
EndProject
Project("{FAE04EC0-301F-11D3-BF4B-00C04F79EFBC}") = "techchallengeDelete", "techchallengeDelete\techchallengeDelete.csproj", "{E2EE195B-8310-416D-8AFE-F43F82177380}"
EndProject
Project("{FAE04EC0-301F-11D3-BF4B-00C04F79EFBC}") = "techchallengeBuscaDdd", "techchallengeBuscaDdd\techchallengeBuscaDdd.csproj", "{9A40C774-F9E0-4BEC-A8A9-E076062CF97C}"
EndProject
Global
	GlobalSection(SolutionConfigurationPlatforms) = preSolution
		Debug|Any CPU = Debug|Any CPU
		Release|Any CPU = Release|Any CPU
	EndGlobalSection
	GlobalSection(ProjectConfigurationPlatforms) = postSolution
		{AFE04640-0825-4FCC-81EE-D932E38F8AA8}.Debug|Any CPU.ActiveCfg = Debug|Any CPU
		{AFE04640-0825-4FCC-81EE-D932E38F8AA8}.Debug|Any CPU.Build.0 = Debug|Any CPU
		{AFE04640-0825-4FCC-81EE-D932E38F8AA8}.Release|Any CPU.ActiveCfg = Release|Any CPU
		{AFE04640-0825-4FCC-81EE-D932E38F8AA8}.Release|Any CPU.Build.0 = Release|Any CPU
		{88F40D1F-6631-4118-8BFE-2E55D0408A1E}.Debug|Any CPU.ActiveCfg = Debug|Any CPU
		{88F40D1F-6631-4118-8BFE-2E55D0408A1E}.Debug|Any CPU.Build.0 = Debug|Any CPU
		{88F40D1F-6631-4118-8BFE-2E55D0408A1E}.Release|Any CPU.ActiveCfg = Release|Any CPU
		{88F40D1F-6631-4118-8BFE-2E55D0408A1E}.Release|Any CPU.Build.0 = Release|Any CPU
		{EEDDFDD3-9F73-4DFE-887D-CDD8DCED1AF8}.Debug|Any CPU.ActiveCfg = Debug|Any CPU
		{EEDDFDD3-9F73-4DFE-887D-CDD8DCED1AF8}.Debug|Any CPU.Build.0 = Debug|Any CPU
		{EEDDFDD3-9F73-4DFE-887D-CDD8DCED1AF8}.Release|Any CPU.ActiveCfg = Release|Any CPU
		{EEDDFDD3-9F73-4DFE-887D-CDD8DCED1AF8}.Release|Any CPU.Build.0 = Release|Any CPU
		{AF4BD7D5-D03C-46E8-BDBD-89C7541C3278}.Debug|Any CPU.ActiveCfg = Debug|Any CPU
		{AF4BD7D5-D03C-46E8-BDBD-89C7541C3278}.Debug|Any CPU.Build.0 = Debug|Any CPU
		{AF4BD7D5-D03C-46E8-BDBD-89C7541C3278}.Release|Any CPU.ActiveCfg = Release|Any CPU
		{AF4BD7D5-D03C-46E8-BDBD-89C7541C3278}.Release|Any CPU.Build.0 = Release|Any CPU
		{D5BC8948-7D74-48C8-9CD4-E18EED3628AD}.Debug|Any CPU.ActiveCfg = Debug|Any CPU
		{D5BC8948-7D74-48C8-9CD4-E18EED3628AD}.Debug|Any CPU.Build.0 = Debug|Any CPU
		{D5BC8948-7D74-48C8-9CD4-E18EED3628AD}.Release|Any CPU.ActiveCfg = Release|Any CPU
		{D5BC8948-7D74-48C8-9CD4-E18EED3628AD}.Release|Any CPU.Build.0 = Release|Any CPU
		{D187F42A-B85B-4043-8DC4-43D82C8E86C8}.Debug|Any CPU.ActiveCfg = Debug|Any CPU
		{D187F42A-B85B-4043-8DC4-43D82C8E86C8}.Debug|Any CPU.Build.0 = Debug|Any CPU
		{D187F42A-B85B-4043-8DC4-43D82C8E86C8}.Release|Any CPU.ActiveCfg = Release|Any CPU
		{D187F42A-B85B-4043-8DC4-43D82C8E86C8}.Release|Any CPU.Build.0 = Release|Any CPU
		{062D3351-5077-4E2B-BFDD-39C683D39F8F}.Debug|Any CPU.ActiveCfg = Debug|Any CPU
		{062D3351-5077-4E2B-BFDD-39C683D39F8F}.Debug|Any CPU.Build.0 = Debug|Any CPU
		{062D3351-5077-4E2B-BFDD-39C683D39F8F}.Release|Any CPU.ActiveCfg = Release|Any CPU
		{062D3351-5077-4E2B-BFDD-39C683D39F8F}.Release|Any CPU.Build.0 = Release|Any CPU
		{9565AB23-AEC0-44F0-8E9B-741D7E6A2B8E}.Debug|Any CPU.ActiveCfg = Debug|Any CPU
		{9565AB23-AEC0-44F0-8E9B-741D7E6A2B8E}.Debug|Any CPU.Build.0 = Debug|Any CPU
		{9565AB23-AEC0-44F0-8E9B-741D7E6A2B8E}.Release|Any CPU.ActiveCfg = Release|Any CPU
		{9565AB23-AEC0-44F0-8E9B-741D7E6A2B8E}.Release|Any CPU.Build.0 = Release|Any CPU
		{88BA6CEB-CEED-4D86-BF47-DDB8ED54059D}.Debug|Any CPU.ActiveCfg = Debug|Any CPU
		{88BA6CEB-CEED-4D86-BF47-DDB8ED54059D}.Debug|Any CPU.Build.0 = Debug|Any CPU
		{88BA6CEB-CEED-4D86-BF47-DDB8ED54059D}.Release|Any CPU.ActiveCfg = Release|Any CPU
		{88BA6CEB-CEED-4D86-BF47-DDB8ED54059D}.Release|Any CPU.Build.0 = Release|Any CPU
		{E2EE195B-8310-416D-8AFE-F43F82177380}.Debug|Any CPU.ActiveCfg = Debug|Any CPU
		{E2EE195B-8310-416D-8AFE-F43F82177380}.Debug|Any CPU.Build.0 = Debug|Any CPU
		{E2EE195B-8310-416D-8AFE-F43F82177380}.Release|Any CPU.ActiveCfg = Release|Any CPU
		{E2EE195B-8310-416D-8AFE-F43F82177380}.Release|Any CPU.Build.0 = Release|Any CPU
		{9A40C774-F9E0-4BEC-A8A9-E076062CF97C}.Debug|Any CPU.ActiveCfg = Debug|Any CPU
		{9A40C774-F9E0-4BEC-A8A9-E076062CF97C}.Debug|Any CPU.Build.0 = Debug|Any CPU
		{9A40C774-F9E0-4BEC-A8A9-E076062CF97C}.Release|Any CPU.ActiveCfg = Release|Any CPU
		{9A40C774-F9E0-4BEC-A8A9-E076062CF97C}.Release|Any CPU.Build.0 = Release|Any CPU
	EndGlobalSection
	GlobalSection(SolutionProperties) = preSolution
		HideSolutionNode = FALSE
	EndGlobalSection
	GlobalSection(NestedProjects) = preSolution
		{AFE04640-0825-4FCC-81EE-D932E38F8AA8} = {F4D16624-C088-4547-8AF2-2745F9D17138}
		{D5BC8948-7D74-48C8-9CD4-E18EED3628AD} = {CEADA8AF-B343-404D-9FFF-7A7B8C4AD48D}
		{D187F42A-B85B-4043-8DC4-43D82C8E86C8} = {BCF9A36D-58A6-4A41-BD9F-9573D4AACBD6}
		{062D3351-5077-4E2B-BFDD-39C683D39F8F} = {BCF9A36D-58A6-4A41-BD9F-9573D4AACBD6}
		{9565AB23-AEC0-44F0-8E9B-741D7E6A2B8E} = {BCF9A36D-58A6-4A41-BD9F-9573D4AACBD6}
		{88BA6CEB-CEED-4D86-BF47-DDB8ED54059D} = {BCF9A36D-58A6-4A41-BD9F-9573D4AACBD6}
		{E2EE195B-8310-416D-8AFE-F43F82177380} = {BCF9A36D-58A6-4A41-BD9F-9573D4AACBD6}
		{9A40C774-F9E0-4BEC-A8A9-E076062CF97C} = {BCF9A36D-58A6-4A41-BD9F-9573D4AACBD6}
	EndGlobalSection
	GlobalSection(ExtensibilityGlobals) = postSolution
		SolutionGuid = {B16C05AA-19BB-4973-83A0-5E440E6469C0}
	EndGlobalSection
EndGlobal
