
Microsoft Visual Studio Solution File, Format Version 12.00
# Visual Studio Version 17
VisualStudioVersion = 17.9.34728.123
MinimumVisualStudioVersion = 10.0.40219.1
Project("{9A19103F-16F7-4668-BE54-9A1E7A4F7556}") = "TechChallengeApi", "TechChallenge\TechChallengeApi.csproj", "{AFE04640-0825-4FCC-81EE-D932E38F8AA8}"
EndProject
Project("{9A19103F-16F7-4668-BE54-9A1E7A4F7556}") = "Infrastructure", "Repository\Infrastructure.csproj", "{88F40D1F-6631-4118-8BFE-2E55D0408A1E}"
EndProject
Project("{9A19103F-16F7-4668-BE54-9A1E7A4F7556}") = "Core", "Core\Core.csproj", "{EEDDFDD3-9F73-4DFE-887D-CDD8DCED1AF8}"
EndProject
Project("{9A19103F-16F7-4668-BE54-9A1E7A4F7556}") = "Application", "Application\Application.csproj", "{AF4BD7D5-D03C-46E8-BDBD-89C7541C3278}"
EndProject
Project("{9A19103F-16F7-4668-BE54-9A1E7A4F7556}") = "TechChallengeTest", "TechChallengeTest\TechChallengeTest.csproj", "{D5BC8948-7D74-48C8-9CD4-E18EED3628AD}"
	ProjectSection(ProjectDependencies) = postProject
		{88F40D1F-6631-4118-8BFE-2E55D0408A1E} = {88F40D1F-6631-4118-8BFE-2E55D0408A1E}
		{AF4BD7D5-D03C-46E8-BDBD-89C7541C3278} = {AF4BD7D5-D03C-46E8-BDBD-89C7541C3278}
		{AFE04640-0825-4FCC-81EE-D932E38F8AA8} = {AFE04640-0825-4FCC-81EE-D932E38F8AA8}
		{EEDDFDD3-9F73-4DFE-887D-CDD8DCED1AF8} = {EEDDFDD3-9F73-4DFE-887D-CDD8DCED1AF8}
	EndProjectSection
EndProject
Project("{9A19103F-16F7-4668-BE54-9A1E7A4F7556}") = "TechChallengeBuscaid", "TechChallengeBuscaid\TechChallengeBuscaid.csproj", "{639ACF46-3C83-466C-AB34-86E67716D178}"
EndProject
Project("{2150E333-8FDC-42A3-9474-1A3956D46DE8}") = "Serviços", "Serviços", "{C2163B9C-D7C6-454E-B35D-6A90C6B91B6D}"
EndProject
Project("{9A19103F-16F7-4668-BE54-9A1E7A4F7556}") = "TechchallengeAdd", "TechchallengeAdd\TechchallengeAdd.csproj", "{253D87F7-4467-40B9-B85B-797A32FFDA3A}"
EndProject
Project("{9A19103F-16F7-4668-BE54-9A1E7A4F7556}") = "TechChallengeBuscaDdd", "TechChallengeBuscaDdd\TechChallengeBuscaDdd.csproj", "{3AC288BF-4FDA-4934-B982-45A9DC4F3B10}"
EndProject
Project("{9A19103F-16F7-4668-BE54-9A1E7A4F7556}") = "TechChallengeBuscaTodos", "TechChallengeBuscaTodos\TechChallengeBuscaTodos.csproj", "{D14AC61F-5CE3-4D56-898F-1FA09F40AB4A}"
EndProject
Project("{9A19103F-16F7-4668-BE54-9A1E7A4F7556}") = "TechChallengeDelete", "TechChallengeDelete\TechChallengeDelete.csproj", "{8D571FDF-B6D0-4620-B8B2-1E0CE9CFFCDA}"
EndProject
Project("{9A19103F-16F7-4668-BE54-9A1E7A4F7556}") = "TechChallengeUpdate", "TechChallengeUpdate\TechChallengeUpdate.csproj", "{8BE0EC8D-CBBF-44AB-A8B0-4AA13710E7A1}"
EndProject
Global
	GlobalSection(SolutionConfigurationPlatforms) = preSolution
		Debug|Any CPU = Debug|Any CPU
		Release|Any CPU = Release|Any CPU
	EndGlobalSection
	GlobalSection(ProjectConfigurationPlatforms) = postSolution
		{AFE04640-0825-4FCC-81EE-D932E38F8AA8}.Debug|Any CPU.ActiveCfg = Debug|Any CPU
		{AFE04640-0825-4FCC-81EE-D932E38F8AA8}.Debug|Any CPU.Build.0 = Debug|Any CPU
		{AFE04640-0825-4FCC-81EE-D932E38F8AA8}.Release|Any CPU.ActiveCfg = Release|Any CPU
		{AFE04640-0825-4FCC-81EE-D932E38F8AA8}.Release|Any CPU.Build.0 = Release|Any CPU
		{88F40D1F-6631-4118-8BFE-2E55D0408A1E}.Debug|Any CPU.ActiveCfg = Debug|Any CPU
		{88F40D1F-6631-4118-8BFE-2E55D0408A1E}.Debug|Any CPU.Build.0 = Debug|Any CPU
		{88F40D1F-6631-4118-8BFE-2E55D0408A1E}.Release|Any CPU.ActiveCfg = Release|Any CPU
		{88F40D1F-6631-4118-8BFE-2E55D0408A1E}.Release|Any CPU.Build.0 = Release|Any CPU
		{EEDDFDD3-9F73-4DFE-887D-CDD8DCED1AF8}.Debug|Any CPU.ActiveCfg = Debug|Any CPU
		{EEDDFDD3-9F73-4DFE-887D-CDD8DCED1AF8}.Debug|Any CPU.Build.0 = Debug|Any CPU
		{EEDDFDD3-9F73-4DFE-887D-CDD8DCED1AF8}.Release|Any CPU.ActiveCfg = Release|Any CPU
		{EEDDFDD3-9F73-4DFE-887D-CDD8DCED1AF8}.Release|Any CPU.Build.0 = Release|Any CPU
		{AF4BD7D5-D03C-46E8-BDBD-89C7541C3278}.Debug|Any CPU.ActiveCfg = Debug|Any CPU
		{AF4BD7D5-D03C-46E8-BDBD-89C7541C3278}.Debug|Any CPU.Build.0 = Debug|Any CPU
		{AF4BD7D5-D03C-46E8-BDBD-89C7541C3278}.Release|Any CPU.ActiveCfg = Release|Any CPU
		{AF4BD7D5-D03C-46E8-BDBD-89C7541C3278}.Release|Any CPU.Build.0 = Release|Any CPU
		{D5BC8948-7D74-48C8-9CD4-E18EED3628AD}.Debug|Any CPU.ActiveCfg = Debug|Any CPU
		{D5BC8948-7D74-48C8-9CD4-E18EED3628AD}.Debug|Any CPU.Build.0 = Debug|Any CPU
		{D5BC8948-7D74-48C8-9CD4-E18EED3628AD}.Release|Any CPU.ActiveCfg = Release|Any CPU
		{D5BC8948-7D74-48C8-9CD4-E18EED3628AD}.Release|Any CPU.Build.0 = Release|Any CPU
		{639ACF46-3C83-466C-AB34-86E67716D178}.Debug|Any CPU.ActiveCfg = Debug|Any CPU
		{639ACF46-3C83-466C-AB34-86E67716D178}.Debug|Any CPU.Build.0 = Debug|Any CPU
		{639ACF46-3C83-466C-AB34-86E67716D178}.Release|Any CPU.ActiveCfg = Release|Any CPU
		{639ACF46-3C83-466C-AB34-86E67716D178}.Release|Any CPU.Build.0 = Release|Any CPU
		{253D87F7-4467-40B9-B85B-797A32FFDA3A}.Debug|Any CPU.ActiveCfg = Debug|Any CPU
		{253D87F7-4467-40B9-B85B-797A32FFDA3A}.Debug|Any CPU.Build.0 = Debug|Any CPU
		{253D87F7-4467-40B9-B85B-797A32FFDA3A}.Release|Any CPU.ActiveCfg = Release|Any CPU
		{253D87F7-4467-40B9-B85B-797A32FFDA3A}.Release|Any CPU.Build.0 = Release|Any CPU
		{3AC288BF-4FDA-4934-B982-45A9DC4F3B10}.Debug|Any CPU.ActiveCfg = Debug|Any CPU
		{3AC288BF-4FDA-4934-B982-45A9DC4F3B10}.Debug|Any CPU.Build.0 = Debug|Any CPU
		{3AC288BF-4FDA-4934-B982-45A9DC4F3B10}.Release|Any CPU.ActiveCfg = Release|Any CPU
		{3AC288BF-4FDA-4934-B982-45A9DC4F3B10}.Release|Any CPU.Build.0 = Release|Any CPU
		{D14AC61F-5CE3-4D56-898F-1FA09F40AB4A}.Debug|Any CPU.ActiveCfg = Debug|Any CPU
		{D14AC61F-5CE3-4D56-898F-1FA09F40AB4A}.Debug|Any CPU.Build.0 = Debug|Any CPU
		{D14AC61F-5CE3-4D56-898F-1FA09F40AB4A}.Release|Any CPU.ActiveCfg = Release|Any CPU
		{D14AC61F-5CE3-4D56-898F-1FA09F40AB4A}.Release|Any CPU.Build.0 = Release|Any CPU
		{8D571FDF-B6D0-4620-B8B2-1E0CE9CFFCDA}.Debug|Any CPU.ActiveCfg = Debug|Any CPU
		{8D571FDF-B6D0-4620-B8B2-1E0CE9CFFCDA}.Debug|Any CPU.Build.0 = Debug|Any CPU
		{8D571FDF-B6D0-4620-B8B2-1E0CE9CFFCDA}.Release|Any CPU.ActiveCfg = Release|Any CPU
		{8D571FDF-B6D0-4620-B8B2-1E0CE9CFFCDA}.Release|Any CPU.Build.0 = Release|Any CPU
		{8BE0EC8D-CBBF-44AB-A8B0-4AA13710E7A1}.Debug|Any CPU.ActiveCfg = Debug|Any CPU
		{8BE0EC8D-CBBF-44AB-A8B0-4AA13710E7A1}.Debug|Any CPU.Build.0 = Debug|Any CPU
		{8BE0EC8D-CBBF-44AB-A8B0-4AA13710E7A1}.Release|Any CPU.ActiveCfg = Release|Any CPU
		{8BE0EC8D-CBBF-44AB-A8B0-4AA13710E7A1}.Release|Any CPU.Build.0 = Release|Any CPU
	EndGlobalSection
	GlobalSection(SolutionProperties) = preSolution
		HideSolutionNode = FALSE
	EndGlobalSection
	GlobalSection(NestedProjects) = preSolution
		{639ACF46-3C83-466C-AB34-86E67716D178} = {C2163B9C-D7C6-454E-B35D-6A90C6B91B6D}
		{253D87F7-4467-40B9-B85B-797A32FFDA3A} = {C2163B9C-D7C6-454E-B35D-6A90C6B91B6D}
		{3AC288BF-4FDA-4934-B982-45A9DC4F3B10} = {C2163B9C-D7C6-454E-B35D-6A90C6B91B6D}
		{D14AC61F-5CE3-4D56-898F-1FA09F40AB4A} = {C2163B9C-D7C6-454E-B35D-6A90C6B91B6D}
		{8D571FDF-B6D0-4620-B8B2-1E0CE9CFFCDA} = {C2163B9C-D7C6-454E-B35D-6A90C6B91B6D}
		{8BE0EC8D-CBBF-44AB-A8B0-4AA13710E7A1} = {C2163B9C-D7C6-454E-B35D-6A90C6B91B6D}
	EndGlobalSection
	GlobalSection(ExtensibilityGlobals) = postSolution
		SolutionGuid = {B16C05AA-19BB-4973-83A0-5E440E6469C0}
	EndGlobalSection
EndGlobal
